// !$*UTF8*$!
{
	archiveVersion = 1;
	classes = {
	};
	objectVersion = 46;
	objects = {

/* Begin PBXBuildFile section */
		6266A4CD1924530900DB04A3 /* Foundation.framework in Frameworks */ = {isa = PBXBuildFile; fileRef = 6266A4CC1924530900DB04A3 /* Foundation.framework */; };
		6266A4CF1924530900DB04A3 /* CoreGraphics.framework in Frameworks */ = {isa = PBXBuildFile; fileRef = 6266A4CE1924530900DB04A3 /* CoreGraphics.framework */; };
		6266A4D11924530900DB04A3 /* UIKit.framework in Frameworks */ = {isa = PBXBuildFile; fileRef = 6266A4D01924530900DB04A3 /* UIKit.framework */; };
		6266A4D71924530900DB04A3 /* InfoPlist.strings in Resources */ = {isa = PBXBuildFile; fileRef = 6266A4D51924530900DB04A3 /* InfoPlist.strings */; };
		6266A4D91924530900DB04A3 /* main.m in Sources */ = {isa = PBXBuildFile; fileRef = 6266A4D81924530900DB04A3 /* main.m */; };
		6266A4DD1924530900DB04A3 /* AppDelegate.m in Sources */ = {isa = PBXBuildFile; fileRef = 6266A4DC1924530900DB04A3 /* AppDelegate.m */; };
		6266A4E01924530900DB04A3 /* Main.storyboard in Resources */ = {isa = PBXBuildFile; fileRef = 6266A4DE1924530900DB04A3 /* Main.storyboard */; };
		6266A4E51924530900DB04A3 /* Images.xcassets in Resources */ = {isa = PBXBuildFile; fileRef = 6266A4E41924530900DB04A3 /* Images.xcassets */; };
		6266A4EC1924530900DB04A3 /* XCTest.framework in Frameworks */ = {isa = PBXBuildFile; fileRef = 6266A4EB1924530900DB04A3 /* XCTest.framework */; };
		6266A4ED1924530900DB04A3 /* Foundation.framework in Frameworks */ = {isa = PBXBuildFile; fileRef = 6266A4CC1924530900DB04A3 /* Foundation.framework */; };
		6266A4EE1924530900DB04A3 /* UIKit.framework in Frameworks */ = {isa = PBXBuildFile; fileRef = 6266A4D01924530900DB04A3 /* UIKit.framework */; };
		6266A4F61924530900DB04A3 /* InfoPlist.strings in Resources */ = {isa = PBXBuildFile; fileRef = 6266A4F41924530900DB04A3 /* InfoPlist.strings */; };
		6266A4F81924530900DB04A3 /* SubwayLocatorTests.m in Sources */ = {isa = PBXBuildFile; fileRef = 6266A4F71924530900DB04A3 /* SubwayLocatorTests.m */; };
		6266A5191924543F00DB04A3 /* AFHTTPClient.m in Sources */ = {isa = PBXBuildFile; fileRef = 6266A5071924543F00DB04A3 /* AFHTTPClient.m */; };
		6266A51A1924543F00DB04A3 /* AFHTTPRequestOperation.m in Sources */ = {isa = PBXBuildFile; fileRef = 6266A5091924543F00DB04A3 /* AFHTTPRequestOperation.m */; };
		6266A51B1924543F00DB04A3 /* AFImageRequestOperation.m in Sources */ = {isa = PBXBuildFile; fileRef = 6266A50B1924543F00DB04A3 /* AFImageRequestOperation.m */; };
		6266A51C1924543F00DB04A3 /* AFJSONRequestOperation.m in Sources */ = {isa = PBXBuildFile; fileRef = 6266A50D1924543F00DB04A3 /* AFJSONRequestOperation.m */; };
		6266A51D1924543F00DB04A3 /* AFNetworkActivityIndicatorManager.m in Sources */ = {isa = PBXBuildFile; fileRef = 6266A50F1924543F00DB04A3 /* AFNetworkActivityIndicatorManager.m */; };
		6266A51E1924543F00DB04A3 /* AFPropertyListRequestOperation.m in Sources */ = {isa = PBXBuildFile; fileRef = 6266A5121924543F00DB04A3 /* AFPropertyListRequestOperation.m */; };
		6266A51F1924543F00DB04A3 /* AFURLConnectionOperation.m in Sources */ = {isa = PBXBuildFile; fileRef = 6266A5141924543F00DB04A3 /* AFURLConnectionOperation.m */; };
		6266A5201924543F00DB04A3 /* AFXMLRequestOperation.m in Sources */ = {isa = PBXBuildFile; fileRef = 6266A5161924543F00DB04A3 /* AFXMLRequestOperation.m */; };
		6266A5211924543F00DB04A3 /* UIImageView+AFNetworking.m in Sources */ = {isa = PBXBuildFile; fileRef = 6266A5181924543F00DB04A3 /* UIImageView+AFNetworking.m */; };
		6266A5231924545F00DB04A3 /* MapKit.framework in Frameworks */ = {isa = PBXBuildFile; fileRef = 6266A5221924545F00DB04A3 /* MapKit.framework */; };
		6266A5251924547C00DB04A3 /* CoreLocation.framework in Frameworks */ = {isa = PBXBuildFile; fileRef = 6266A5241924547C00DB04A3 /* CoreLocation.framework */; };
		6266A52A1924555500DB04A3 /* SubwayLocatorService.m in Sources */ = {isa = PBXBuildFile; fileRef = 6266A5291924555500DB04A3 /* SubwayLocatorService.m */; };
		6266A52D1924589A00DB04A3 /* constants.m in Sources */ = {isa = PBXBuildFile; fileRef = 6266A52C1924589A00DB04A3 /* constants.m */; };
		629CA4201924778B00C8C2EE /* NotificationUtilities.m in Sources */ = {isa = PBXBuildFile; fileRef = 629CA41F1924778B00C8C2EE /* NotificationUtilities.m */; };
		62C8F64619247C3100A2D1C8 /* SubwayStation.m in Sources */ = {isa = PBXBuildFile; fileRef = 62C8F64519247C3100A2D1C8 /* SubwayStation.m */; };
		62C8F6491924822300A2D1C8 /* DataUtilities.m in Sources */ = {isa = PBXBuildFile; fileRef = 62C8F6481924822300A2D1C8 /* DataUtilities.m */; };
		62C8F64D19250C6D00A2D1C8 /* DejalActivityView.m in Sources */ = {isa = PBXBuildFile; fileRef = 62C8F64C19250C6D00A2D1C8 /* DejalActivityView.m */; };
		62C8F65119250CC900A2D1C8 /* SubwayLocatorViewController.m in Sources */ = {isa = PBXBuildFile; fileRef = 62C8F64F19250CC900A2D1C8 /* SubwayLocatorViewController.m */; };
		62C8F65219250CC900A2D1C8 /* SubwayLocatorViewController.xib in Resources */ = {isa = PBXBuildFile; fileRef = 62C8F65019250CC900A2D1C8 /* SubwayLocatorViewController.xib */; };
		62C8F6581925494000A2D1C8 /* currentLocation@2x.png in Resources */ = {isa = PBXBuildFile; fileRef = 62C8F6561925494000A2D1C8 /* currentLocation@2x.png */; };
		62C8F6591925494000A2D1C8 /* Marker@2x.png in Resources */ = {isa = PBXBuildFile; fileRef = 62C8F6571925494000A2D1C8 /* Marker@2x.png */; };
		62C8F65E1925495100A2D1C8 /* selectedMapBarbuttonItem@2x.png in Resources */ = {isa = PBXBuildFile; fileRef = 62C8F65A1925495100A2D1C8 /* selectedMapBarbuttonItem@2x.png */; };
		62C8F65F1925495100A2D1C8 /* selectedMapListBarbuttonItem@2x.png in Resources */ = {isa = PBXBuildFile; fileRef = 62C8F65B1925495100A2D1C8 /* selectedMapListBarbuttonItem@2x.png */; };
		62C8F6601925495100A2D1C8 /* unselectedMapBarbuttonItem@2x.png in Resources */ = {isa = PBXBuildFile; fileRef = 62C8F65C1925495100A2D1C8 /* unselectedMapBarbuttonItem@2x.png */; };
		62C8F6611925495100A2D1C8 /* unselectedMapListBarbuttonItem@2x.png in Resources */ = {isa = PBXBuildFile; fileRef = 62C8F65D1925495100A2D1C8 /* unselectedMapListBarbuttonItem@2x.png */; };
		62C8F6631925527200A2D1C8 /* search@2x.png in Resources */ = {isa = PBXBuildFile; fileRef = 62C8F6621925527200A2D1C8 /* search@2x.png */; };
		62C8F6671925992100A2D1C8 /* SubwayStationDetailViewController.m in Sources */ = {isa = PBXBuildFile; fileRef = 62C8F6651925992100A2D1C8 /* SubwayStationDetailViewController.m */; };
		62C8F6681925992100A2D1C8 /* SubwayStationDetailViewController.xib in Resources */ = {isa = PBXBuildFile; fileRef = 62C8F6661925992100A2D1C8 /* SubwayStationDetailViewController.xib */; };
		62C8F66C1925A38500A2D1C8 /* SubwayStationTableViewCell.m in Sources */ = {isa = PBXBuildFile; fileRef = 62C8F66B1925A38500A2D1C8 /* SubwayStationTableViewCell.m */; };
		62C8F6701925A3B900A2D1C8 /* SubwayStationTableViewCell.xib in Resources */ = {isa = PBXBuildFile; fileRef = 62C8F66F1925A3B900A2D1C8 /* SubwayStationTableViewCell.xib */; };
		62C8F67219264FB200A2D1C8 /* ios_backArrow@2x.png in Resources */ = {isa = PBXBuildFile; fileRef = 62C8F67119264FB200A2D1C8 /* ios_backArrow@2x.png */; };
		62C8F67519295C5E00A2D1C8 /* Enums.m in Sources */ = {isa = PBXBuildFile; fileRef = 62C8F67419295C5E00A2D1C8 /* Enums.m */; };
		62C8F677192968A500A2D1C8 /* map@2x.png in Resources */ = {isa = PBXBuildFile; fileRef = 62C8F676192968A500A2D1C8 /* map@2x.png */; };
/* End PBXBuildFile section */

/* Begin PBXContainerItemProxy section */
		6266A4EF1924530900DB04A3 /* PBXContainerItemProxy */ = {
			isa = PBXContainerItemProxy;
			containerPortal = 6266A4C11924530900DB04A3 /* Project object */;
			proxyType = 1;
			remoteGlobalIDString = 6266A4C81924530900DB04A3;
			remoteInfo = SubwayLocator;
		};
/* End PBXContainerItemProxy section */

/* Begin PBXFileReference section */
		6266A4C91924530900DB04A3 /* SubwayLocator.app */ = {isa = PBXFileReference; explicitFileType = wrapper.application; includeInIndex = 0; path = SubwayLocator.app; sourceTree = BUILT_PRODUCTS_DIR; };
		6266A4CC1924530900DB04A3 /* Foundation.framework */ = {isa = PBXFileReference; lastKnownFileType = wrapper.framework; name = Foundation.framework; path = System/Library/Frameworks/Foundation.framework; sourceTree = SDKROOT; };
		6266A4CE1924530900DB04A3 /* CoreGraphics.framework */ = {isa = PBXFileReference; lastKnownFileType = wrapper.framework; name = CoreGraphics.framework; path = System/Library/Frameworks/CoreGraphics.framework; sourceTree = SDKROOT; };
		6266A4D01924530900DB04A3 /* UIKit.framework */ = {isa = PBXFileReference; lastKnownFileType = wrapper.framework; name = UIKit.framework; path = System/Library/Frameworks/UIKit.framework; sourceTree = SDKROOT; };
		6266A4D41924530900DB04A3 /* SubwayLocator-Info.plist */ = {isa = PBXFileReference; lastKnownFileType = text.plist.xml; path = "SubwayLocator-Info.plist"; sourceTree = "<group>"; };
		6266A4D61924530900DB04A3 /* en */ = {isa = PBXFileReference; lastKnownFileType = text.plist.strings; name = en; path = en.lproj/InfoPlist.strings; sourceTree = "<group>"; };
		6266A4D81924530900DB04A3 /* main.m */ = {isa = PBXFileReference; lastKnownFileType = sourcecode.c.objc; path = main.m; sourceTree = "<group>"; };
		6266A4DA1924530900DB04A3 /* SubwayLocator-Prefix.pch */ = {isa = PBXFileReference; lastKnownFileType = sourcecode.c.h; path = "SubwayLocator-Prefix.pch"; sourceTree = "<group>"; };
		6266A4DB1924530900DB04A3 /* AppDelegate.h */ = {isa = PBXFileReference; lastKnownFileType = sourcecode.c.h; path = AppDelegate.h; sourceTree = "<group>"; };
		6266A4DC1924530900DB04A3 /* AppDelegate.m */ = {isa = PBXFileReference; lastKnownFileType = sourcecode.c.objc; path = AppDelegate.m; sourceTree = "<group>"; };
		6266A4DF1924530900DB04A3 /* Base */ = {isa = PBXFileReference; lastKnownFileType = file.storyboard; name = Base; path = Base.lproj/Main.storyboard; sourceTree = "<group>"; };
		6266A4E41924530900DB04A3 /* Images.xcassets */ = {isa = PBXFileReference; lastKnownFileType = folder.assetcatalog; path = Images.xcassets; sourceTree = "<group>"; };
		6266A4EA1924530900DB04A3 /* SubwayLocatorTests.xctest */ = {isa = PBXFileReference; explicitFileType = wrapper.cfbundle; includeInIndex = 0; path = SubwayLocatorTests.xctest; sourceTree = BUILT_PRODUCTS_DIR; };
		6266A4EB1924530900DB04A3 /* XCTest.framework */ = {isa = PBXFileReference; lastKnownFileType = wrapper.framework; name = XCTest.framework; path = Library/Frameworks/XCTest.framework; sourceTree = DEVELOPER_DIR; };
		6266A4F31924530900DB04A3 /* SubwayLocatorTests-Info.plist */ = {isa = PBXFileReference; lastKnownFileType = text.plist.xml; path = "SubwayLocatorTests-Info.plist"; sourceTree = "<group>"; };
		6266A4F51924530900DB04A3 /* en */ = {isa = PBXFileReference; lastKnownFileType = text.plist.strings; name = en; path = en.lproj/InfoPlist.strings; sourceTree = "<group>"; };
		6266A4F71924530900DB04A3 /* SubwayLocatorTests.m */ = {isa = PBXFileReference; lastKnownFileType = sourcecode.c.objc; path = SubwayLocatorTests.m; sourceTree = "<group>"; };
		6266A5061924543F00DB04A3 /* AFHTTPClient.h */ = {isa = PBXFileReference; fileEncoding = 4; lastKnownFileType = sourcecode.c.h; path = AFHTTPClient.h; sourceTree = "<group>"; };
		6266A5071924543F00DB04A3 /* AFHTTPClient.m */ = {isa = PBXFileReference; fileEncoding = 4; lastKnownFileType = sourcecode.c.objc; path = AFHTTPClient.m; sourceTree = "<group>"; };
		6266A5081924543F00DB04A3 /* AFHTTPRequestOperation.h */ = {isa = PBXFileReference; fileEncoding = 4; lastKnownFileType = sourcecode.c.h; path = AFHTTPRequestOperation.h; sourceTree = "<group>"; };
		6266A5091924543F00DB04A3 /* AFHTTPRequestOperation.m */ = {isa = PBXFileReference; fileEncoding = 4; lastKnownFileType = sourcecode.c.objc; path = AFHTTPRequestOperation.m; sourceTree = "<group>"; };
		6266A50A1924543F00DB04A3 /* AFImageRequestOperation.h */ = {isa = PBXFileReference; fileEncoding = 4; lastKnownFileType = sourcecode.c.h; path = AFImageRequestOperation.h; sourceTree = "<group>"; };
		6266A50B1924543F00DB04A3 /* AFImageRequestOperation.m */ = {isa = PBXFileReference; fileEncoding = 4; lastKnownFileType = sourcecode.c.objc; path = AFImageRequestOperation.m; sourceTree = "<group>"; };
		6266A50C1924543F00DB04A3 /* AFJSONRequestOperation.h */ = {isa = PBXFileReference; fileEncoding = 4; lastKnownFileType = sourcecode.c.h; path = AFJSONRequestOperation.h; sourceTree = "<group>"; };
		6266A50D1924543F00DB04A3 /* AFJSONRequestOperation.m */ = {isa = PBXFileReference; fileEncoding = 4; lastKnownFileType = sourcecode.c.objc; path = AFJSONRequestOperation.m; sourceTree = "<group>"; };
		6266A50E1924543F00DB04A3 /* AFNetworkActivityIndicatorManager.h */ = {isa = PBXFileReference; fileEncoding = 4; lastKnownFileType = sourcecode.c.h; path = AFNetworkActivityIndicatorManager.h; sourceTree = "<group>"; };
		6266A50F1924543F00DB04A3 /* AFNetworkActivityIndicatorManager.m */ = {isa = PBXFileReference; fileEncoding = 4; lastKnownFileType = sourcecode.c.objc; path = AFNetworkActivityIndicatorManager.m; sourceTree = "<group>"; };
		6266A5101924543F00DB04A3 /* AFNetworking.h */ = {isa = PBXFileReference; fileEncoding = 4; lastKnownFileType = sourcecode.c.h; path = AFNetworking.h; sourceTree = "<group>"; };
		6266A5111924543F00DB04A3 /* AFPropertyListRequestOperation.h */ = {isa = PBXFileReference; fileEncoding = 4; lastKnownFileType = sourcecode.c.h; path = AFPropertyListRequestOperation.h; sourceTree = "<group>"; };
		6266A5121924543F00DB04A3 /* AFPropertyListRequestOperation.m */ = {isa = PBXFileReference; fileEncoding = 4; lastKnownFileType = sourcecode.c.objc; path = AFPropertyListRequestOperation.m; sourceTree = "<group>"; };
		6266A5131924543F00DB04A3 /* AFURLConnectionOperation.h */ = {isa = PBXFileReference; fileEncoding = 4; lastKnownFileType = sourcecode.c.h; path = AFURLConnectionOperation.h; sourceTree = "<group>"; };
		6266A5141924543F00DB04A3 /* AFURLConnectionOperation.m */ = {isa = PBXFileReference; fileEncoding = 4; lastKnownFileType = sourcecode.c.objc; path = AFURLConnectionOperation.m; sourceTree = "<group>"; };
		6266A5151924543F00DB04A3 /* AFXMLRequestOperation.h */ = {isa = PBXFileReference; fileEncoding = 4; lastKnownFileType = sourcecode.c.h; path = AFXMLRequestOperation.h; sourceTree = "<group>"; };
		6266A5161924543F00DB04A3 /* AFXMLRequestOperation.m */ = {isa = PBXFileReference; fileEncoding = 4; lastKnownFileType = sourcecode.c.objc; path = AFXMLRequestOperation.m; sourceTree = "<group>"; };
		6266A5171924543F00DB04A3 /* UIImageView+AFNetworking.h */ = {isa = PBXFileReference; fileEncoding = 4; lastKnownFileType = sourcecode.c.h; path = "UIImageView+AFNetworking.h"; sourceTree = "<group>"; };
		6266A5181924543F00DB04A3 /* UIImageView+AFNetworking.m */ = {isa = PBXFileReference; fileEncoding = 4; lastKnownFileType = sourcecode.c.objc; path = "UIImageView+AFNetworking.m"; sourceTree = "<group>"; };
		6266A5221924545F00DB04A3 /* MapKit.framework */ = {isa = PBXFileReference; lastKnownFileType = wrapper.framework; name = MapKit.framework; path = System/Library/Frameworks/MapKit.framework; sourceTree = SDKROOT; };
		6266A5241924547C00DB04A3 /* CoreLocation.framework */ = {isa = PBXFileReference; lastKnownFileType = wrapper.framework; name = CoreLocation.framework; path = System/Library/Frameworks/CoreLocation.framework; sourceTree = SDKROOT; };
		6266A5281924555500DB04A3 /* SubwayLocatorService.h */ = {isa = PBXFileReference; fileEncoding = 4; lastKnownFileType = sourcecode.c.h; path = SubwayLocatorService.h; sourceTree = "<group>"; };
		6266A5291924555500DB04A3 /* SubwayLocatorService.m */ = {isa = PBXFileReference; fileEncoding = 4; lastKnownFileType = sourcecode.c.objc; path = SubwayLocatorService.m; sourceTree = "<group>"; };
		6266A52B1924589A00DB04A3 /* constants.h */ = {isa = PBXFileReference; fileEncoding = 4; lastKnownFileType = sourcecode.c.h; path = constants.h; sourceTree = "<group>"; };
		6266A52C1924589A00DB04A3 /* constants.m */ = {isa = PBXFileReference; fileEncoding = 4; lastKnownFileType = sourcecode.c.objc; path = constants.m; sourceTree = "<group>"; };
		629CA41E1924778B00C8C2EE /* NotificationUtilities.h */ = {isa = PBXFileReference; fileEncoding = 4; lastKnownFileType = sourcecode.c.h; path = NotificationUtilities.h; sourceTree = "<group>"; };
		629CA41F1924778B00C8C2EE /* NotificationUtilities.m */ = {isa = PBXFileReference; fileEncoding = 4; lastKnownFileType = sourcecode.c.objc; path = NotificationUtilities.m; sourceTree = "<group>"; };
		62C8F64419247C3100A2D1C8 /* SubwayStation.h */ = {isa = PBXFileReference; fileEncoding = 4; lastKnownFileType = sourcecode.c.h; path = SubwayStation.h; sourceTree = "<group>"; };
		62C8F64519247C3100A2D1C8 /* SubwayStation.m */ = {isa = PBXFileReference; fileEncoding = 4; lastKnownFileType = sourcecode.c.objc; path = SubwayStation.m; sourceTree = "<group>"; };
		62C8F6471924822300A2D1C8 /* DataUtilities.h */ = {isa = PBXFileReference; fileEncoding = 4; lastKnownFileType = sourcecode.c.h; path = DataUtilities.h; sourceTree = "<group>"; };
		62C8F6481924822300A2D1C8 /* DataUtilities.m */ = {isa = PBXFileReference; fileEncoding = 4; lastKnownFileType = sourcecode.c.objc; path = DataUtilities.m; sourceTree = "<group>"; };
		62C8F64B19250C6D00A2D1C8 /* DejalActivityView.h */ = {isa = PBXFileReference; fileEncoding = 4; lastKnownFileType = sourcecode.c.h; path = DejalActivityView.h; sourceTree = "<group>"; };
		62C8F64C19250C6D00A2D1C8 /* DejalActivityView.m */ = {isa = PBXFileReference; fileEncoding = 4; lastKnownFileType = sourcecode.c.objc; path = DejalActivityView.m; sourceTree = "<group>"; };
		62C8F64E19250CC900A2D1C8 /* SubwayLocatorViewController.h */ = {isa = PBXFileReference; fileEncoding = 4; lastKnownFileType = sourcecode.c.h; path = SubwayLocatorViewController.h; sourceTree = "<group>"; };
		62C8F64F19250CC900A2D1C8 /* SubwayLocatorViewController.m */ = {isa = PBXFileReference; fileEncoding = 4; lastKnownFileType = sourcecode.c.objc; path = SubwayLocatorViewController.m; sourceTree = "<group>"; };
		62C8F65019250CC900A2D1C8 /* SubwayLocatorViewController.xib */ = {isa = PBXFileReference; fileEncoding = 4; lastKnownFileType = file.xib; path = SubwayLocatorViewController.xib; sourceTree = "<group>"; };
		62C8F6561925494000A2D1C8 /* currentLocation@2x.png */ = {isa = PBXFileReference; lastKnownFileType = image.png; name = "currentLocation@2x.png"; path = "Images.xcassets/currentLocation@2x.png"; sourceTree = "<group>"; };
		62C8F6571925494000A2D1C8 /* Marker@2x.png */ = {isa = PBXFileReference; lastKnownFileType = image.png; name = "Marker@2x.png"; path = "Images.xcassets/Marker@2x.png"; sourceTree = "<group>"; };
		62C8F65A1925495100A2D1C8 /* selectedMapBarbuttonItem@2x.png */ = {isa = PBXFileReference; lastKnownFileType = image.png; name = "selectedMapBarbuttonItem@2x.png"; path = "Images.xcassets/selectedMapBarbuttonItem@2x.png"; sourceTree = "<group>"; };
		62C8F65B1925495100A2D1C8 /* selectedMapListBarbuttonItem@2x.png */ = {isa = PBXFileReference; lastKnownFileType = image.png; name = "selectedMapListBarbuttonItem@2x.png"; path = "Images.xcassets/selectedMapListBarbuttonItem@2x.png"; sourceTree = "<group>"; };
		62C8F65C1925495100A2D1C8 /* unselectedMapBarbuttonItem@2x.png */ = {isa = PBXFileReference; lastKnownFileType = image.png; name = "unselectedMapBarbuttonItem@2x.png"; path = "Images.xcassets/unselectedMapBarbuttonItem@2x.png"; sourceTree = "<group>"; };
		62C8F65D1925495100A2D1C8 /* unselectedMapListBarbuttonItem@2x.png */ = {isa = PBXFileReference; lastKnownFileType = image.png; name = "unselectedMapListBarbuttonItem@2x.png"; path = "Images.xcassets/unselectedMapListBarbuttonItem@2x.png"; sourceTree = "<group>"; };
		62C8F6621925527200A2D1C8 /* search@2x.png */ = {isa = PBXFileReference; lastKnownFileType = image.png; name = "search@2x.png"; path = "Images.xcassets/search@2x.png"; sourceTree = "<group>"; };
		62C8F6641925992100A2D1C8 /* SubwayStationDetailViewController.h */ = {isa = PBXFileReference; fileEncoding = 4; lastKnownFileType = sourcecode.c.h; path = SubwayStationDetailViewController.h; sourceTree = "<group>"; };
		62C8F6651925992100A2D1C8 /* SubwayStationDetailViewController.m */ = {isa = PBXFileReference; fileEncoding = 4; lastKnownFileType = sourcecode.c.objc; path = SubwayStationDetailViewController.m; sourceTree = "<group>"; };
		62C8F6661925992100A2D1C8 /* SubwayStationDetailViewController.xib */ = {isa = PBXFileReference; fileEncoding = 4; lastKnownFileType = file.xib; path = SubwayStationDetailViewController.xib; sourceTree = "<group>"; };
		62C8F66A1925A38500A2D1C8 /* SubwayStationTableViewCell.h */ = {isa = PBXFileReference; fileEncoding = 4; lastKnownFileType = sourcecode.c.h; path = SubwayStationTableViewCell.h; sourceTree = "<group>"; };
		62C8F66B1925A38500A2D1C8 /* SubwayStationTableViewCell.m */ = {isa = PBXFileReference; fileEncoding = 4; lastKnownFileType = sourcecode.c.objc; path = SubwayStationTableViewCell.m; sourceTree = "<group>"; };
		62C8F66F1925A3B900A2D1C8 /* SubwayStationTableViewCell.xib */ = {isa = PBXFileReference; fileEncoding = 4; lastKnownFileType = file.xib; path = SubwayStationTableViewCell.xib; sourceTree = "<group>"; };
		62C8F67119264FB200A2D1C8 /* ios_backArrow@2x.png */ = {isa = PBXFileReference; lastKnownFileType = image.png; name = "ios_backArrow@2x.png"; path = "Images.xcassets/ios_backArrow@2x.png"; sourceTree = "<group>"; };
		62C8F67319295C5E00A2D1C8 /* Enums.h */ = {isa = PBXFileReference; fileEncoding = 4; lastKnownFileType = sourcecode.c.h; path = Enums.h; sourceTree = "<group>"; };
		62C8F67419295C5E00A2D1C8 /* Enums.m */ = {isa = PBXFileReference; fileEncoding = 4; lastKnownFileType = sourcecode.c.objc; path = Enums.m; sourceTree = "<group>"; };
		62C8F676192968A500A2D1C8 /* map@2x.png */ = {isa = PBXFileReference; lastKnownFileType = image.png; name = "map@2x.png"; path = "Images.xcassets/map@2x.png"; sourceTree = "<group>"; };
/* End PBXFileReference section */

/* Begin PBXFrameworksBuildPhase section */
		6266A4C61924530900DB04A3 /* Frameworks */ = {
			isa = PBXFrameworksBuildPhase;
			buildActionMask = 2147483647;
			files = (
				6266A5231924545F00DB04A3 /* MapKit.framework in Frameworks */,
				6266A5251924547C00DB04A3 /* CoreLocation.framework in Frameworks */,
				6266A4CF1924530900DB04A3 /* CoreGraphics.framework in Frameworks */,
				6266A4D11924530900DB04A3 /* UIKit.framework in Frameworks */,
				6266A4CD1924530900DB04A3 /* Foundation.framework in Frameworks */,
			);
			runOnlyForDeploymentPostprocessing = 0;
		};
		6266A4E71924530900DB04A3 /* Frameworks */ = {
			isa = PBXFrameworksBuildPhase;
			buildActionMask = 2147483647;
			files = (
				6266A4EC1924530900DB04A3 /* XCTest.framework in Frameworks */,
				6266A4EE1924530900DB04A3 /* UIKit.framework in Frameworks */,
				6266A4ED1924530900DB04A3 /* Foundation.framework in Frameworks */,
			);
			runOnlyForDeploymentPostprocessing = 0;
		};
/* End PBXFrameworksBuildPhase section */

/* Begin PBXGroup section */
		6266A4C01924530900DB04A3 = {
			isa = PBXGroup;
			children = (
				6266A4D21924530900DB04A3 /* SubwayLocator */,
				6266A4F11924530900DB04A3 /* SubwayLocatorTests */,
				6266A4CB1924530900DB04A3 /* Frameworks */,
				6266A4CA1924530900DB04A3 /* Products */,
			);
			sourceTree = "<group>";
		};
		6266A4CA1924530900DB04A3 /* Products */ = {
			isa = PBXGroup;
			children = (
				6266A4C91924530900DB04A3 /* SubwayLocator.app */,
				6266A4EA1924530900DB04A3 /* SubwayLocatorTests.xctest */,
			);
			name = Products;
			sourceTree = "<group>";
		};
		6266A4CB1924530900DB04A3 /* Frameworks */ = {
			isa = PBXGroup;
			children = (
				6266A5241924547C00DB04A3 /* CoreLocation.framework */,
				6266A5221924545F00DB04A3 /* MapKit.framework */,
				6266A4CC1924530900DB04A3 /* Foundation.framework */,
				6266A4CE1924530900DB04A3 /* CoreGraphics.framework */,
				6266A4D01924530900DB04A3 /* UIKit.framework */,
				6266A4EB1924530900DB04A3 /* XCTest.framework */,
			);
			name = Frameworks;
			sourceTree = "<group>";
		};
		6266A4D21924530900DB04A3 /* SubwayLocator */ = {
			isa = PBXGroup;
			children = (
				6266A4DB1924530900DB04A3 /* AppDelegate.h */,
				6266A4DC1924530900DB04A3 /* AppDelegate.m */,
				6266A4DE1924530900DB04A3 /* Main.storyboard */,
				6266A4E41924530900DB04A3 /* Images.xcassets */,
				62C8F676192968A500A2D1C8 /* map@2x.png */,
				62C8F67119264FB200A2D1C8 /* ios_backArrow@2x.png */,
				62C8F6621925527200A2D1C8 /* search@2x.png */,
				62C8F65A1925495100A2D1C8 /* selectedMapBarbuttonItem@2x.png */,
				62C8F65B1925495100A2D1C8 /* selectedMapListBarbuttonItem@2x.png */,
				62C8F65C1925495100A2D1C8 /* unselectedMapBarbuttonItem@2x.png */,
				62C8F65D1925495100A2D1C8 /* unselectedMapListBarbuttonItem@2x.png */,
				62C8F6561925494000A2D1C8 /* currentLocation@2x.png */,
				62C8F6571925494000A2D1C8 /* Marker@2x.png */,
				6266A526192454D400DB04A3 /* ViewControllers */,
				6266A503192453D400DB04A3 /* Services */,
				6266A5271924551C00DB04A3 /* Model */,
				6266A5041924543F00DB04A3 /* Frameworks */,
				6266A501192453AF00DB04A3 /* Utilities */,
				62C8F6691925A35200A2D1C8 /* CustomUIComponents */,
				6266A4D31924530900DB04A3 /* Supporting Files */,
			);
			path = SubwayLocator;
			sourceTree = "<group>";
		};
		6266A4D31924530900DB04A3 /* Supporting Files */ = {
			isa = PBXGroup;
			children = (
				6266A4D41924530900DB04A3 /* SubwayLocator-Info.plist */,
				6266A4D51924530900DB04A3 /* InfoPlist.strings */,
				6266A4D81924530900DB04A3 /* main.m */,
				6266A4DA1924530900DB04A3 /* SubwayLocator-Prefix.pch */,
			);
			name = "Supporting Files";
			sourceTree = "<group>";
		};
		6266A4F11924530900DB04A3 /* SubwayLocatorTests */ = {
			isa = PBXGroup;
			children = (
				6266A4F71924530900DB04A3 /* SubwayLocatorTests.m */,
				6266A4F21924530900DB04A3 /* Supporting Files */,
			);
			path = SubwayLocatorTests;
			sourceTree = "<group>";
		};
		6266A4F21924530900DB04A3 /* Supporting Files */ = {
			isa = PBXGroup;
			children = (
				6266A4F31924530900DB04A3 /* SubwayLocatorTests-Info.plist */,
				6266A4F41924530900DB04A3 /* InfoPlist.strings */,
			);
			name = "Supporting Files";
			sourceTree = "<group>";
		};
		6266A501192453AF00DB04A3 /* Utilities */ = {
			isa = PBXGroup;
			children = (
				6266A502192453AF00DB04A3 /* DataParsing */,
				629CA41E1924778B00C8C2EE /* NotificationUtilities.h */,
				629CA41F1924778B00C8C2EE /* NotificationUtilities.m */,
			);
			path = Utilities;
			sourceTree = "<group>";
		};
		6266A502192453AF00DB04A3 /* DataParsing */ = {
			isa = PBXGroup;
			children = (
				62C8F6471924822300A2D1C8 /* DataUtilities.h */,
				62C8F6481924822300A2D1C8 /* DataUtilities.m */,
			);
			path = DataParsing;
			sourceTree = "<group>";
		};
		6266A503192453D400DB04A3 /* Services */ = {
			isa = PBXGroup;
			children = (
				6266A5281924555500DB04A3 /* SubwayLocatorService.h */,
				6266A5291924555500DB04A3 /* SubwayLocatorService.m */,
			);
			path = Services;
			sourceTree = "<group>";
		};
		6266A5041924543F00DB04A3 /* Frameworks */ = {
			isa = PBXGroup;
			children = (
				62C8F64A19250C6D00A2D1C8 /* ActivityIndicator */,
				6266A5051924543F00DB04A3 /* AFNetworking */,
			);
			path = Frameworks;
			sourceTree = "<group>";
		};
		6266A5051924543F00DB04A3 /* AFNetworking */ = {
			isa = PBXGroup;
			children = (
				6266A5061924543F00DB04A3 /* AFHTTPClient.h */,
				6266A5071924543F00DB04A3 /* AFHTTPClient.m */,
				6266A5081924543F00DB04A3 /* AFHTTPRequestOperation.h */,
				6266A5091924543F00DB04A3 /* AFHTTPRequestOperation.m */,
				6266A50A1924543F00DB04A3 /* AFImageRequestOperation.h */,
				6266A50B1924543F00DB04A3 /* AFImageRequestOperation.m */,
				6266A50C1924543F00DB04A3 /* AFJSONRequestOperation.h */,
				6266A50D1924543F00DB04A3 /* AFJSONRequestOperation.m */,
				6266A50E1924543F00DB04A3 /* AFNetworkActivityIndicatorManager.h */,
				6266A50F1924543F00DB04A3 /* AFNetworkActivityIndicatorManager.m */,
				6266A5101924543F00DB04A3 /* AFNetworking.h */,
				6266A5111924543F00DB04A3 /* AFPropertyListRequestOperation.h */,
				6266A5121924543F00DB04A3 /* AFPropertyListRequestOperation.m */,
				6266A5131924543F00DB04A3 /* AFURLConnectionOperation.h */,
				6266A5141924543F00DB04A3 /* AFURLConnectionOperation.m */,
				6266A5151924543F00DB04A3 /* AFXMLRequestOperation.h */,
				6266A5161924543F00DB04A3 /* AFXMLRequestOperation.m */,
				6266A5171924543F00DB04A3 /* UIImageView+AFNetworking.h */,
				6266A5181924543F00DB04A3 /* UIImageView+AFNetworking.m */,
			);
			path = AFNetworking;
			sourceTree = "<group>";
		};
		6266A526192454D400DB04A3 /* ViewControllers */ = {
			isa = PBXGroup;
			children = (
				62C8F64E19250CC900A2D1C8 /* SubwayLocatorViewController.h */,
				62C8F64F19250CC900A2D1C8 /* SubwayLocatorViewController.m */,
				62C8F65019250CC900A2D1C8 /* SubwayLocatorViewController.xib */,
				62C8F6641925992100A2D1C8 /* SubwayStationDetailViewController.h */,
				62C8F6651925992100A2D1C8 /* SubwayStationDetailViewController.m */,
				62C8F6661925992100A2D1C8 /* SubwayStationDetailViewController.xib */,
			);
			path = ViewControllers;
			sourceTree = "<group>";
		};
		6266A5271924551C00DB04A3 /* Model */ = {
			isa = PBXGroup;
			children = (
				6266A52B1924589A00DB04A3 /* constants.h */,
				6266A52C1924589A00DB04A3 /* constants.m */,
				62C8F64419247C3100A2D1C8 /* SubwayStation.h */,
				62C8F64519247C3100A2D1C8 /* SubwayStation.m */,
				62C8F67319295C5E00A2D1C8 /* Enums.h */,
				62C8F67419295C5E00A2D1C8 /* Enums.m */,
			);
			path = Model;
			sourceTree = "<group>";
		};
		62C8F64A19250C6D00A2D1C8 /* ActivityIndicator */ = {
			isa = PBXGroup;
			children = (
				62C8F64B19250C6D00A2D1C8 /* DejalActivityView.h */,
				62C8F64C19250C6D00A2D1C8 /* DejalActivityView.m */,
			);
			path = ActivityIndicator;
			sourceTree = "<group>";
		};
		62C8F6691925A35200A2D1C8 /* CustomUIComponents */ = {
			isa = PBXGroup;
			children = (
				62C8F66A1925A38500A2D1C8 /* SubwayStationTableViewCell.h */,
				62C8F66B1925A38500A2D1C8 /* SubwayStationTableViewCell.m */,
				62C8F66F1925A3B900A2D1C8 /* SubwayStationTableViewCell.xib */,
			);
			path = CustomUIComponents;
			sourceTree = "<group>";
		};
/* End PBXGroup section */

/* Begin PBXNativeTarget section */
		6266A4C81924530900DB04A3 /* SubwayLocator */ = {
			isa = PBXNativeTarget;
			buildConfigurationList = 6266A4FB1924530900DB04A3 /* Build configuration list for PBXNativeTarget "SubwayLocator" */;
			buildPhases = (
				6266A4C51924530900DB04A3 /* Sources */,
				6266A4C61924530900DB04A3 /* Frameworks */,
				6266A4C71924530900DB04A3 /* Resources */,
			);
			buildRules = (
			);
			dependencies = (
			);
			name = SubwayLocator;
			productName = SubwayLocator;
			productReference = 6266A4C91924530900DB04A3 /* SubwayLocator.app */;
			productType = "com.apple.product-type.application";
		};
		6266A4E91924530900DB04A3 /* SubwayLocatorTests */ = {
			isa = PBXNativeTarget;
			buildConfigurationList = 6266A4FE1924530900DB04A3 /* Build configuration list for PBXNativeTarget "SubwayLocatorTests" */;
			buildPhases = (
				6266A4E61924530900DB04A3 /* Sources */,
				6266A4E71924530900DB04A3 /* Frameworks */,
				6266A4E81924530900DB04A3 /* Resources */,
			);
			buildRules = (
			);
			dependencies = (
				6266A4F01924530900DB04A3 /* PBXTargetDependency */,
			);
			name = SubwayLocatorTests;
			productName = SubwayLocatorTests;
			productReference = 6266A4EA1924530900DB04A3 /* SubwayLocatorTests.xctest */;
			productType = "com.apple.product-type.bundle.unit-test";
		};
/* End PBXNativeTarget section */

/* Begin PBXProject section */
		6266A4C11924530900DB04A3 /* Project object */ = {
			isa = PBXProject;
			attributes = {
				LastUpgradeCheck = 0510;
				ORGANIZATIONNAME = "Casey Egan ";
				TargetAttributes = {
					6266A4C81924530900DB04A3 = {
						SystemCapabilities = {
							com.apple.iOS = {
								enabled = 1;
							};
						};
					};
					6266A4E91924530900DB04A3 = {
						TestTargetID = 6266A4C81924530900DB04A3;
					};
				};
			};
			buildConfigurationList = 6266A4C41924530900DB04A3 /* Build configuration list for PBXProject "SubwayLocator" */;
			compatibilityVersion = "Xcode 3.2";
			developmentRegion = English;
			hasScannedForEncodings = 0;
			knownRegions = (
				en,
				Base,
			);
			mainGroup = 6266A4C01924530900DB04A3;
			productRefGroup = 6266A4CA1924530900DB04A3 /* Products */;
			projectDirPath = "";
			projectRoot = "";
			targets = (
				6266A4C81924530900DB04A3 /* SubwayLocator */,
				6266A4E91924530900DB04A3 /* SubwayLocatorTests */,
			);
		};
/* End PBXProject section */

/* Begin PBXResourcesBuildPhase section */
		6266A4C71924530900DB04A3 /* Resources */ = {
			isa = PBXResourcesBuildPhase;
			buildActionMask = 2147483647;
			files = (
				62C8F6581925494000A2D1C8 /* currentLocation@2x.png in Resources */,
				62C8F6631925527200A2D1C8 /* search@2x.png in Resources */,
				62C8F6601925495100A2D1C8 /* unselectedMapBarbuttonItem@2x.png in Resources */,
				62C8F6611925495100A2D1C8 /* unselectedMapListBarbuttonItem@2x.png in Resources */,
				62C8F6701925A3B900A2D1C8 /* SubwayStationTableViewCell.xib in Resources */,
				62C8F6591925494000A2D1C8 /* Marker@2x.png in Resources */,
				62C8F6681925992100A2D1C8 /* SubwayStationDetailViewController.xib in Resources */,
				6266A4E51924530900DB04A3 /* Images.xcassets in Resources */,
				62C8F65F1925495100A2D1C8 /* selectedMapListBarbuttonItem@2x.png in Resources */,
				62C8F65E1925495100A2D1C8 /* selectedMapBarbuttonItem@2x.png in Resources */,
				6266A4D71924530900DB04A3 /* InfoPlist.strings in Resources */,
				62C8F677192968A500A2D1C8 /* map@2x.png in Resources */,
				62C8F65219250CC900A2D1C8 /* SubwayLocatorViewController.xib in Resources */,
				6266A4E01924530900DB04A3 /* Main.storyboard in Resources */,
				62C8F67219264FB200A2D1C8 /* ios_backArrow@2x.png in Resources */,
			);
			runOnlyForDeploymentPostprocessing = 0;
		};
		6266A4E81924530900DB04A3 /* Resources */ = {
			isa = PBXResourcesBuildPhase;
			buildActionMask = 2147483647;
			files = (
				6266A4F61924530900DB04A3 /* InfoPlist.strings in Resources */,
			);
			runOnlyForDeploymentPostprocessing = 0;
		};
/* End PBXResourcesBuildPhase section */

/* Begin PBXSourcesBuildPhase section */
		6266A4C51924530900DB04A3 /* Sources */ = {
			isa = PBXSourcesBuildPhase;
			buildActionMask = 2147483647;
			files = (
				62C8F67519295C5E00A2D1C8 /* Enums.m in Sources */,
				62C8F64D19250C6D00A2D1C8 /* DejalActivityView.m in Sources */,
				629CA4201924778B00C8C2EE /* NotificationUtilities.m in Sources */,
				6266A51B1924543F00DB04A3 /* AFImageRequestOperation.m in Sources */,
				62C8F66C1925A38500A2D1C8 /* SubwayStationTableViewCell.m in Sources */,
				6266A51E1924543F00DB04A3 /* AFPropertyListRequestOperation.m in Sources */,
				6266A52D1924589A00DB04A3 /* constants.m in Sources */,
				62C8F6671925992100A2D1C8 /* SubwayStationDetailViewController.m in Sources */,
				6266A4DD1924530900DB04A3 /* AppDelegate.m in Sources */,
				6266A51F1924543F00DB04A3 /* AFURLConnectionOperation.m in Sources */,
				62C8F64619247C3100A2D1C8 /* SubwayStation.m in Sources */,
				6266A5201924543F00DB04A3 /* AFXMLRequestOperation.m in Sources */,
				6266A51C1924543F00DB04A3 /* AFJSONRequestOperation.m in Sources */,
				6266A52A1924555500DB04A3 /* SubwayLocatorService.m in Sources */,
				62C8F6491924822300A2D1C8 /* DataUtilities.m in Sources */,
				6266A5211924543F00DB04A3 /* UIImageView+AFNetworking.m in Sources */,
				6266A51D1924543F00DB04A3 /* AFNetworkActivityIndicatorManager.m in Sources */,
				6266A51A1924543F00DB04A3 /* AFHTTPRequestOperation.m in Sources */,
				6266A4D91924530900DB04A3 /* main.m in Sources */,
				6266A5191924543F00DB04A3 /* AFHTTPClient.m in Sources */,
				62C8F65119250CC900A2D1C8 /* SubwayLocatorViewController.m in Sources */,
			);
			runOnlyForDeploymentPostprocessing = 0;
		};
		6266A4E61924530900DB04A3 /* Sources */ = {
			isa = PBXSourcesBuildPhase;
			buildActionMask = 2147483647;
			files = (
				6266A4F81924530900DB04A3 /* SubwayLocatorTests.m in Sources */,
			);
			runOnlyForDeploymentPostprocessing = 0;
		};
/* End PBXSourcesBuildPhase section */

/* Begin PBXTargetDependency section */
		6266A4F01924530900DB04A3 /* PBXTargetDependency */ = {
			isa = PBXTargetDependency;
			target = 6266A4C81924530900DB04A3 /* SubwayLocator */;
			targetProxy = 6266A4EF1924530900DB04A3 /* PBXContainerItemProxy */;
		};
/* End PBXTargetDependency section */

/* Begin PBXVariantGroup section */
		6266A4D51924530900DB04A3 /* InfoPlist.strings */ = {
			isa = PBXVariantGroup;
			children = (
				6266A4D61924530900DB04A3 /* en */,
			);
			name = InfoPlist.strings;
			sourceTree = "<group>";
		};
		6266A4DE1924530900DB04A3 /* Main.storyboard */ = {
			isa = PBXVariantGroup;
			children = (
				6266A4DF1924530900DB04A3 /* Base */,
			);
			name = Main.storyboard;
			sourceTree = "<group>";
		};
		6266A4F41924530900DB04A3 /* InfoPlist.strings */ = {
			isa = PBXVariantGroup;
			children = (
				6266A4F51924530900DB04A3 /* en */,
			);
			name = InfoPlist.strings;
			sourceTree = "<group>";
		};
/* End PBXVariantGroup section */

/* Begin XCBuildConfiguration section */
		6266A4F91924530900DB04A3 /* Debug */ = {
			isa = XCBuildConfiguration;
			buildSettings = {
				ALWAYS_SEARCH_USER_PATHS = NO;
				CLANG_CXX_LANGUAGE_STANDARD = "gnu++0x";
				CLANG_CXX_LIBRARY = "libc++";
				CLANG_ENABLE_MODULES = YES;
				CLANG_ENABLE_OBJC_ARC = YES;
				CLANG_WARN_BOOL_CONVERSION = YES;
				CLANG_WARN_CONSTANT_CONVERSION = YES;
				CLANG_WARN_DIRECT_OBJC_ISA_USAGE = YES_ERROR;
				CLANG_WARN_EMPTY_BODY = YES;
				CLANG_WARN_ENUM_CONVERSION = YES;
				CLANG_WARN_INT_CONVERSION = YES;
				CLANG_WARN_OBJC_ROOT_CLASS = YES_ERROR;
				CLANG_WARN__DUPLICATE_METHOD_MATCH = YES;
				"CODE_SIGN_IDENTITY[sdk=iphoneos*]" = "iPhone Developer";
				COPY_PHASE_STRIP = NO;
				GCC_C_LANGUAGE_STANDARD = gnu99;
				GCC_DYNAMIC_NO_PIC = NO;
				GCC_OPTIMIZATION_LEVEL = 0;
				GCC_PREPROCESSOR_DEFINITIONS = (
					"DEBUG=1",
					"$(inherited)",
				);
				GCC_SYMBOLS_PRIVATE_EXTERN = NO;
				GCC_WARN_64_TO_32_BIT_CONVERSION = YES;
				GCC_WARN_ABOUT_RETURN_TYPE = YES_ERROR;
				GCC_WARN_UNDECLARED_SELECTOR = YES;
				GCC_WARN_UNINITIALIZED_AUTOS = YES_AGGRESSIVE;
				GCC_WARN_UNUSED_FUNCTION = YES;
				GCC_WARN_UNUSED_VARIABLE = YES;
				IPHONEOS_DEPLOYMENT_TARGET = 7.1;
				ONLY_ACTIVE_ARCH = YES;
				SDKROOT = iphoneos;
			};
			name = Debug;
		};
		6266A4FA1924530900DB04A3 /* Release */ = {
			isa = XCBuildConfiguration;
			buildSettings = {
				ALWAYS_SEARCH_USER_PATHS = NO;
				CLANG_CXX_LANGUAGE_STANDARD = "gnu++0x";
				CLANG_CXX_LIBRARY = "libc++";
				CLANG_ENABLE_MODULES = YES;
				CLANG_ENABLE_OBJC_ARC = YES;
				CLANG_WARN_BOOL_CONVERSION = YES;
				CLANG_WARN_CONSTANT_CONVERSION = YES;
				CLANG_WARN_DIRECT_OBJC_ISA_USAGE = YES_ERROR;
				CLANG_WARN_EMPTY_BODY = YES;
				CLANG_WARN_ENUM_CONVERSION = YES;
				CLANG_WARN_INT_CONVERSION = YES;
				CLANG_WARN_OBJC_ROOT_CLASS = YES_ERROR;
				CLANG_WARN__DUPLICATE_METHOD_MATCH = YES;
				"CODE_SIGN_IDENTITY[sdk=iphoneos*]" = "iPhone Developer";
				COPY_PHASE_STRIP = YES;
				ENABLE_NS_ASSERTIONS = NO;
				GCC_C_LANGUAGE_STANDARD = gnu99;
				GCC_WARN_64_TO_32_BIT_CONVERSION = YES;
				GCC_WARN_ABOUT_RETURN_TYPE = YES_ERROR;
				GCC_WARN_UNDECLARED_SELECTOR = YES;
				GCC_WARN_UNINITIALIZED_AUTOS = YES_AGGRESSIVE;
				GCC_WARN_UNUSED_FUNCTION = YES;
				GCC_WARN_UNUSED_VARIABLE = YES;
				IPHONEOS_DEPLOYMENT_TARGET = 7.1;
				SDKROOT = iphoneos;
				VALIDATE_PRODUCT = YES;
			};
			name = Release;
		};
		6266A4FC1924530900DB04A3 /* Debug */ = {
			isa = XCBuildConfiguration;
			buildSettings = {
				ASSETCATALOG_COMPILER_APPICON_NAME = AppIcon;
				ASSETCATALOG_COMPILER_LAUNCHIMAGE_NAME = LaunchImage;
				CODE_SIGN_IDENTITY = "iPhone Distribution: Farm Credit Services of America, PCA/FLCA";
				GCC_PRECOMPILE_PREFIX_HEADER = YES;
				GCC_PREFIX_HEADER = "SubwayLocator/SubwayLocator-Prefix.pch";
				INFOPLIST_FILE = "SubwayLocator/SubwayLocator-Info.plist";
				PRODUCT_NAME = "$(TARGET_NAME)";
				PROVISIONING_PROFILE = "2A348AFA-EC61-4A51-8EB3-F27CFD288C70";
				WRAPPER_EXTENSION = app;
			};
			name = Debug;
		};
		6266A4FD1924530900DB04A3 /* Release */ = {
			isa = XCBuildConfiguration;
			buildSettings = {
				ASSETCATALOG_COMPILER_APPICON_NAME = AppIcon;
				ASSETCATALOG_COMPILER_LAUNCHIMAGE_NAME = LaunchImage;
				CODE_SIGN_IDENTITY = "iPhone Distribution: Farm Credit Services of America, PCA/FLCA";
				GCC_PRECOMPILE_PREFIX_HEADER = YES;
				GCC_PREFIX_HEADER = "SubwayLocator/SubwayLocator-Prefix.pch";
				INFOPLIST_FILE = "SubwayLocator/SubwayLocator-Info.plist";
				PRODUCT_NAME = "$(TARGET_NAME)";
				PROVISIONING_PROFILE = "2A348AFA-EC61-4A51-8EB3-F27CFD288C70";
				WRAPPER_EXTENSION = app;
			};
			name = Release;
		};
		6266A4FF1924530900DB04A3 /* Debug */ = {
			isa = XCBuildConfiguration;
			buildSettings = {
				BUNDLE_LOADER = "$(BUILT_PRODUCTS_DIR)/SubwayLocator.app/SubwayLocator";
				FRAMEWORK_SEARCH_PATHS = (
					"$(SDKROOT)/Developer/Library/Frameworks",
					"$(inherited)",
					"$(DEVELOPER_FRAMEWORKS_DIR)",
				);
				GCC_PRECOMPILE_PREFIX_HEADER = YES;
				GCC_PREFIX_HEADER = "SubwayLocator/SubwayLocator-Prefix.pch";
				GCC_PREPROCESSOR_DEFINITIONS = (
					"DEBUG=1",
					"$(inherited)",
				);
				INFOPLIST_FILE = "SubwayLocatorTests/SubwayLocatorTests-Info.plist";
				PRODUCT_NAME = "$(TARGET_NAME)";
				TEST_HOST = "$(BUNDLE_LOADER)";
				WRAPPER_EXTENSION = xctest;
			};
			name = Debug;
		};
		6266A5001924530900DB04A3 /* Release */ = {
			isa = XCBuildConfiguration;
			buildSettings = {
				BUNDLE_LOADER = "$(BUILT_PRODUCTS_DIR)/SubwayLocator.app/SubwayLocator";
				FRAMEWORK_SEARCH_PATHS = (
					"$(SDKROOT)/Developer/Library/Frameworks",
					"$(inherited)",
					"$(DEVELOPER_FRAMEWORKS_DIR)",
				);
				GCC_PRECOMPILE_PREFIX_HEADER = YES;
				GCC_PREFIX_HEADER = "SubwayLocator/SubwayLocator-Prefix.pch";
				INFOPLIST_FILE = "SubwayLocatorTests/SubwayLocatorTests-Info.plist";
				PRODUCT_NAME = "$(TARGET_NAME)";
				TEST_HOST = "$(BUNDLE_LOADER)";
				WRAPPER_EXTENSION = xctest;
			};
			name = Release;
		};
/* End XCBuildConfiguration section */

/* Begin XCConfigurationList section */
		6266A4C41924530900DB04A3 /* Build configuration list for PBXProject "SubwayLocator" */ = {
			isa = XCConfigurationList;
			buildConfigurations = (
				6266A4F91924530900DB04A3 /* Debug */,
				6266A4FA1924530900DB04A3 /* Release */,
			);
			defaultConfigurationIsVisible = 0;
			defaultConfigurationName = Release;
		};
		6266A4FB1924530900DB04A3 /* Build configuration list for PBXNativeTarget "SubwayLocator" */ = {
			isa = XCConfigurationList;
			buildConfigurations = (
				6266A4FC1924530900DB04A3 /* Debug */,
				6266A4FD1924530900DB04A3 /* Release */,
			);
			defaultConfigurationIsVisible = 0;
			defaultConfigurationName = Release;
		};
		6266A4FE1924530900DB04A3 /* Build configuration list for PBXNativeTarget "SubwayLocatorTests" */ = {
			isa = XCConfigurationList;
			buildConfigurations = (
				6266A4FF1924530900DB04A3 /* Debug */,
				6266A5001924530900DB04A3 /* Release */,
			);
			defaultConfigurationIsVisible = 0;
			defaultConfigurationName = Release;
		};
/* End XCConfigurationList section */
	};
	rootObject = 6266A4C11924530900DB04A3 /* Project object */;
}
